
Microsoft Visual Studio Solution File, Format Version 12.00
# Visual Studio Version 16
VisualStudioVersion = 16.0.36602.28
MinimumVisualStudioVersion = 10.0.40219.1
Project("{FAE04EC0-301F-11D3-BF4B-00C04F79EFBC}") = "ZeldaMsgPreview", "ZeldaMsgPreview.csproj", "{1388160B-2CB2-4DBB-9005-61B42BEF4A4F}"
EndProject
Global
	GlobalSection(SolutionConfigurationPlatforms) = preSolution
		Debug|Any CPU = Debug|Any CPU
		Release|Any CPU = Release|Any CPU
	EndGlobalSection
	GlobalSection(ProjectConfigurationPlatforms) = postSolution
		{1388160B-2CB2-4DBB-9005-61B42BEF4A4F}.Debug|Any CPU.ActiveCfg = Debug|Any CPU
		{1388160B-2CB2-4DBB-9005-61B42BEF4A4F}.Debug|Any CPU.Build.0 = Debug|Any CPU
		{1388160B-2CB2-4DBB-9005-61B42BEF4A4F}.Release|Any CPU.ActiveCfg = Release|Any CPU
		{1388160B-2CB2-4DBB-9005-61B42BEF4A4F}.Release|Any CPU.Build.0 = Release|Any CPU
	EndGlobalSection
	GlobalSection(SolutionProperties) = preSolution
		HideSolutionNode = FALSE
	EndGlobalSection
	GlobalSection(ExtensibilityGlobals) = postSolution
		SolutionGuid = {BF485BCA-C8E7-4E8C-A3FD-09B45F284C96}
	EndGlobalSection
EndGlobal
